<?xml version="1.0" encoding="utf-8"?>
<Project ToolsVersion="4.0" xmlns="http://schemas.microsoft.com/developer/msbuild/2003">
  <ItemGroup>
    <Filter Include="snake">
      <UniqueIdentifier>{430183db-ed71-4e54-aa55-a3668f3f127a}</UniqueIdentifier>
    </Filter>
    <Filter Include="common">
      <UniqueIdentifier>{20c0bf31-8702-40e3-95d4-79232f759b02}</UniqueIdentifier>
    </Filter>
  </ItemGroup>
  <ItemGroup>
    <ClInclude Include="graph.h">
      <Filter>snake</Filter>
    </ClInclude>
    <ClInclude Include="public.h">
      <Filter>common</Filter>
    </ClInclude>
  </ItemGroup>
  <ItemGroup>
    <ClCompile Include="graph.cpp">
      <Filter>snake</Filter>
    </ClCompile>
    <ClCompile Include="main.cpp" />
  </ItemGroup>
</Project>